
Microsoft Visual Studio Solution File, Format Version 12.00
# Visual Studio Version 16
VisualStudioVersion = 16.0.31112.23
MinimumVisualStudioVersion = 10.0.40219.1
Project("{FAE04EC0-301F-11D3-BF4B-00C04F79EFBC}") = "PROJECT MVC", "PROJECT MVC\PROJECT MVC.csproj", "{EB98AC68-175C-4876-8E34-F4676856EAB4}"
EndProject
Global
	GlobalSection(SolutionConfigurationPlatforms) = preSolution
		Debug|Any CPU = Debug|Any CPU
		Release|Any CPU = Release|Any CPU
	EndGlobalSection
	GlobalSection(ProjectConfigurationPlatforms) = postSolution
		{EB98AC68-175C-4876-8E34-F4676856EAB4}.Debug|Any CPU.ActiveCfg = Debug|Any CPU
		{EB98AC68-175C-4876-8E34-F4676856EAB4}.Debug|Any CPU.Build.0 = Debug|Any CPU
		{EB98AC68-175C-4876-8E34-F4676856EAB4}.Release|Any CPU.ActiveCfg = Release|Any CPU
		{EB98AC68-175C-4876-8E34-F4676856EAB4}.Release|Any CPU.Build.0 = Release|Any CPU
	EndGlobalSection
	GlobalSection(SolutionProperties) = preSolution
		HideSolutionNode = FALSE
	EndGlobalSection
	GlobalSection(ExtensibilityGlobals) = postSolution
		SolutionGuid = {417DF718-15EA-4B42-98D5-7183F9E21419}
	EndGlobalSection
EndGlobal
